
Microsoft Visual Studio Solution File, Format Version 12.00
# Visual Studio Version 17
VisualStudioVersion = 17.11.35327.3
MinimumVisualStudioVersion = 10.0.40219.1
Project("{FAE04EC0-301F-11D3-BF4B-00C04F79EFBC}") = "SwenProject_Arslan", "SwenProject_Arslan\SwenProject_Arslan.csproj", "{98B04D86-9A64-4FAD-A183-FB0EB1582B80}"
EndProject
Global
	GlobalSection(SolutionConfigurationPlatforms) = preSolution
		Debug|Any CPU = Debug|Any CPU
		Release|Any CPU = Release|Any CPU
	EndGlobalSection
	GlobalSection(ProjectConfigurationPlatforms) = postSolution
		{98B04D86-9A64-4FAD-A183-FB0EB1582B80}.Debug|Any CPU.ActiveCfg = Debug|Any CPU
		{98B04D86-9A64-4FAD-A183-FB0EB1582B80}.Debug|Any CPU.Build.0 = Debug|Any CPU
		{98B04D86-9A64-4FAD-A183-FB0EB1582B80}.Release|Any CPU.ActiveCfg = Release|Any CPU
		{98B04D86-9A64-4FAD-A183-FB0EB1582B80}.Release|Any CPU.Build.0 = Release|Any CPU
	EndGlobalSection
	GlobalSection(SolutionProperties) = preSolution
		HideSolutionNode = FALSE
	EndGlobalSection
	GlobalSection(ExtensibilityGlobals) = postSolution
		SolutionGuid = {1CBF6D53-605A-4F67-8CB7-B17CE58F25E5}
	EndGlobalSection
EndGlobal
